
Microsoft Visual Studio Solution File, Format Version 12.00
# Visual Studio Version 17
VisualStudioVersion = 17.14.36414.22
MinimumVisualStudioVersion = 10.0.40219.1
Project("{FAE04EC0-301F-11D3-BF4B-00C04F79EFBC}") = "MusicApp", "MusicApp\MusicApp.csproj", "{063E5145-5B86-4110-8FFB-A36FFB12AFBB}"
EndProject
Project("{FAE04EC0-301F-11D3-BF4B-00C04F79EFBC}") = "MusicApp.Core", "MusicApp.Core\MusicApp.Core.csproj", "{2FE8A812-85E3-4E43-8156-D00F2E0AFD53}"
EndProject
Project("{FAE04EC0-301F-11D3-BF4B-00C04F79EFBC}") = "MusicApp.Services", "MusicApp.Services\MusicApp.Services.csproj", "{7B3508A7-9B05-4916-AB19-D0938AE07978}"
EndProject
Project("{FAE04EC0-301F-11D3-BF4B-00C04F79EFBC}") = "MusicApp.Database", "MusicApp.Database\MusicApp.Database.csproj", "{737A4BAB-704A-4FB8-90BF-8B98DD9F3210}"
EndProject
Global
	GlobalSection(SolutionConfigurationPlatforms) = preSolution
		Debug|Any CPU = Debug|Any CPU
		Release|Any CPU = Release|Any CPU
	EndGlobalSection
	GlobalSection(ProjectConfigurationPlatforms) = postSolution
		{063E5145-5B86-4110-8FFB-A36FFB12AFBB}.Debug|Any CPU.ActiveCfg = Debug|Any CPU
		{063E5145-5B86-4110-8FFB-A36FFB12AFBB}.Debug|Any CPU.Build.0 = Debug|Any CPU
		{063E5145-5B86-4110-8FFB-A36FFB12AFBB}.Debug|Any CPU.Deploy.0 = Debug|Any CPU
		{063E5145-5B86-4110-8FFB-A36FFB12AFBB}.Release|Any CPU.ActiveCfg = Release|Any CPU
		{063E5145-5B86-4110-8FFB-A36FFB12AFBB}.Release|Any CPU.Build.0 = Release|Any CPU
		{2FE8A812-85E3-4E43-8156-D00F2E0AFD53}.Debug|Any CPU.ActiveCfg = Debug|Any CPU
		{2FE8A812-85E3-4E43-8156-D00F2E0AFD53}.Debug|Any CPU.Build.0 = Debug|Any CPU
		{2FE8A812-85E3-4E43-8156-D00F2E0AFD53}.Release|Any CPU.ActiveCfg = Release|Any CPU
		{2FE8A812-85E3-4E43-8156-D00F2E0AFD53}.Release|Any CPU.Build.0 = Release|Any CPU
		{7B3508A7-9B05-4916-AB19-D0938AE07978}.Debug|Any CPU.ActiveCfg = Debug|Any CPU
		{7B3508A7-9B05-4916-AB19-D0938AE07978}.Debug|Any CPU.Build.0 = Debug|Any CPU
		{7B3508A7-9B05-4916-AB19-D0938AE07978}.Release|Any CPU.ActiveCfg = Release|Any CPU
		{7B3508A7-9B05-4916-AB19-D0938AE07978}.Release|Any CPU.Build.0 = Release|Any CPU
		{737A4BAB-704A-4FB8-90BF-8B98DD9F3210}.Debug|Any CPU.ActiveCfg = Debug|Any CPU
		{737A4BAB-704A-4FB8-90BF-8B98DD9F3210}.Debug|Any CPU.Build.0 = Debug|Any CPU
		{737A4BAB-704A-4FB8-90BF-8B98DD9F3210}.Release|Any CPU.ActiveCfg = Release|Any CPU
		{737A4BAB-704A-4FB8-90BF-8B98DD9F3210}.Release|Any CPU.Build.0 = Release|Any CPU
	EndGlobalSection
	GlobalSection(SolutionProperties) = preSolution
		HideSolutionNode = FALSE
	EndGlobalSection
	GlobalSection(ExtensibilityGlobals) = postSolution
		SolutionGuid = {D49B16AB-6F89-471B-9BE5-0356AB9B6C48}
	EndGlobalSection
EndGlobal
